// !$*UTF8*$!
{
	archiveVersion = 1;
	classes = {
	};
	objectVersion = 48;
	objects = {

/* Begin PBXBuildFile section */
		371FBB6C21862A5F00FAE360 /* CollectionViewCell.swift in Sources */ = {isa = PBXBuildFile; fileRef = 371FBB6B21862A5F00FAE360 /* CollectionViewCell.swift */; };
		371FBB6E21862A7400FAE360 /* HomeCollectionViewController.swift in Sources */ = {isa = PBXBuildFile; fileRef = 371FBB6D21862A7400FAE360 /* HomeCollectionViewController.swift */; };
		371FBB7021862D1800FAE360 /* CollectionViewController.swift in Sources */ = {isa = PBXBuildFile; fileRef = 371FBB6F21862D1800FAE360 /* CollectionViewController.swift */; };
		3BC88DBFF578EED98AC316F1 /* Pods_UserSigninTests.framework in Frameworks */ = {isa = PBXBuildFile; fileRef = F33DC5DE85620CA65F579FCE /* Pods_UserSigninTests.framework */; };
		3F1190C8217D03CD0071FC4D /* EventViewController.swift in Sources */ = {isa = PBXBuildFile; fileRef = 3F1190C7217D03CD0071FC4D /* EventViewController.swift */; };
		3F26F84E218EA03700B72A7B /* IQTextView.swift in Sources */ = {isa = PBXBuildFile; fileRef = 3F26F838218EA03700B72A7B /* IQTextView.swift */; };
		3F26F84F218EA03700B72A7B /* IQPreviousNextView.swift in Sources */ = {isa = PBXBuildFile; fileRef = 3F26F83A218EA03700B72A7B /* IQPreviousNextView.swift */; };
		3F26F850218EA03700B72A7B /* IQTitleBarButtonItem.swift in Sources */ = {isa = PBXBuildFile; fileRef = 3F26F83B218EA03700B72A7B /* IQTitleBarButtonItem.swift */; };
		3F26F851218EA03700B72A7B /* IQBarButtonItem.swift in Sources */ = {isa = PBXBuildFile; fileRef = 3F26F83C218EA03700B72A7B /* IQBarButtonItem.swift */; };
		3F26F852218EA03700B72A7B /* IQToolbar.swift in Sources */ = {isa = PBXBuildFile; fileRef = 3F26F83D218EA03700B72A7B /* IQToolbar.swift */; };
		3F26F853218EA03700B72A7B /* IQUIView+IQKeyboardToolbar.swift in Sources */ = {isa = PBXBuildFile; fileRef = 3F26F83E218EA03700B72A7B /* IQUIView+IQKeyboardToolbar.swift */; };
		3F26F854218EA03700B72A7B /* IQInvocation.swift in Sources */ = {isa = PBXBuildFile; fileRef = 3F26F83F218EA03700B72A7B /* IQInvocation.swift */; };
		3F26F855218EA03700B72A7B /* IQKeyboardManagerConstantsInternal.swift in Sources */ = {isa = PBXBuildFile; fileRef = 3F26F841218EA03700B72A7B /* IQKeyboardManagerConstantsInternal.swift */; };
		3F26F856218EA03700B72A7B /* IQKeyboardManagerConstants.swift in Sources */ = {isa = PBXBuildFile; fileRef = 3F26F842218EA03700B72A7B /* IQKeyboardManagerConstants.swift */; };
		3F26F857218EA03700B72A7B /* IQKeyboardManager.bundle in Resources */ = {isa = PBXBuildFile; fileRef = 3F26F844218EA03700B72A7B /* IQKeyboardManager.bundle */; };
		3F26F858218EA03700B72A7B /* IQKeyboardReturnKeyHandler.swift in Sources */ = {isa = PBXBuildFile; fileRef = 3F26F845218EA03700B72A7B /* IQKeyboardReturnKeyHandler.swift */; };
		3F26F859218EA03700B72A7B /* IQKeyboardManager.swift in Sources */ = {isa = PBXBuildFile; fileRef = 3F26F846218EA03700B72A7B /* IQKeyboardManager.swift */; };
		3F26F85A218EA03700B72A7B /* IQUIScrollView+Additions.swift in Sources */ = {isa = PBXBuildFile; fileRef = 3F26F849218EA03700B72A7B /* IQUIScrollView+Additions.swift */; };
		3F26F85B218EA03700B72A7B /* IQUIViewController+Additions.swift in Sources */ = {isa = PBXBuildFile; fileRef = 3F26F84A218EA03700B72A7B /* IQUIViewController+Additions.swift */; };
		3F26F85C218EA03700B72A7B /* IQUITextFieldView+Additions.swift in Sources */ = {isa = PBXBuildFile; fileRef = 3F26F84B218EA03700B72A7B /* IQUITextFieldView+Additions.swift */; };
		3F26F85D218EA03700B72A7B /* IQUIView+Hierarchy.swift in Sources */ = {isa = PBXBuildFile; fileRef = 3F26F84C218EA03700B72A7B /* IQUIView+Hierarchy.swift */; };
		3F26F85E218EA03700B72A7B /* IQNSArray+Sort.swift in Sources */ = {isa = PBXBuildFile; fileRef = 3F26F84D218EA03700B72A7B /* IQNSArray+Sort.swift */; };
		3F26F860219F6E5F00B72A7B /* Organization.swift in Sources */ = {isa = PBXBuildFile; fileRef = 3F26F85F219F6E5F00B72A7B /* Organization.swift */; };
		3F26F8AA21AA21A900B72A7B /* OrganizationTableViewController.swift in Sources */ = {isa = PBXBuildFile; fileRef = 3F26F8A921AA21A900B72A7B /* OrganizationTableViewController.swift */; };
		3F26F8AC21AB693600B72A7B /* EventsforSelectedOrganizationTableViewController.swift in Sources */ = {isa = PBXBuildFile; fileRef = 3F26F8AB21AB693600B72A7B /* EventsforSelectedOrganizationTableViewController.swift */; };
		3F437244216183BB00DC0656 /* Model.swift in Sources */ = {isa = PBXBuildFile; fileRef = 3F437243216183BB00DC0656 /* Model.swift */; };
		3F4372482161853B00DC0656 /* LoginViewController.swift in Sources */ = {isa = PBXBuildFile; fileRef = 3F4372472161853B00DC0656 /* LoginViewController.swift */; };
		3FEC02B22161457700C66198 /* AppDelegate.swift in Sources */ = {isa = PBXBuildFile; fileRef = 3FEC02B12161457700C66198 /* AppDelegate.swift */; };
		3FEC02B72161457700C66198 /* Main.storyboard in Resources */ = {isa = PBXBuildFile; fileRef = 3FEC02B52161457700C66198 /* Main.storyboard */; };
		3FEC02B92161457700C66198 /* Assets.xcassets in Resources */ = {isa = PBXBuildFile; fileRef = 3FEC02B82161457700C66198 /* Assets.xcassets */; };
		3FEC02BC2161457700C66198 /* LaunchScreen.storyboard in Resources */ = {isa = PBXBuildFile; fileRef = 3FEC02BA2161457700C66198 /* LaunchScreen.storyboard */; };
		3FEC02C72161457700C66198 /* UserSigninTests.swift in Sources */ = {isa = PBXBuildFile; fileRef = 3FEC02C62161457700C66198 /* UserSigninTests.swift */; };
		3FEC02D22161457700C66198 /* UserSigninUITests.swift in Sources */ = {isa = PBXBuildFile; fileRef = 3FEC02D12161457700C66198 /* UserSigninUITests.swift */; };
		3FF876B02166D82F005844FF /* RegisterViewController.swift in Sources */ = {isa = PBXBuildFile; fileRef = 3FF876AF2166D82F005844FF /* RegisterViewController.swift */; };
		42325E26545DDA2D69913688 /* Pods_UserSigninUITests.framework in Frameworks */ = {isa = PBXBuildFile; fileRef = 560D63C16F8354339E711E9B /* Pods_UserSigninUITests.framework */; };
		635CE01835E13D968080C2E7 /* Pods_UserSignin.framework in Frameworks */ = {isa = PBXBuildFile; fileRef = 8BB1F023BD6D0E3210248007 /* Pods_UserSignin.framework */; };
		8069FC2C21703CF6009C4C70 /* AdminTableViewController.swift in Sources */ = {isa = PBXBuildFile; fileRef = 8069FC2B21703CF6009C4C70 /* AdminTableViewController.swift */; };
		80948D74218FEC0A00500BF0 /* WallpaperWindow.swift in Sources */ = {isa = PBXBuildFile; fileRef = 80948D73218FEC0A00500BF0 /* WallpaperWindow.swift */; };
		BB87B9B0216AF625003DBE3C /* AddNewEventViewController.swift in Sources */ = {isa = PBXBuildFile; fileRef = BB87B9AF216AF625003DBE3C /* AddNewEventViewController.swift */; };
		BBA328302191454200A47B85 /* EventData.swift in Sources */ = {isa = PBXBuildFile; fileRef = BBA3282F2191454200A47B85 /* EventData.swift */; };
		E75B4F03217D32BE000E7428 /* EventsDetailViewController.swift in Sources */ = {isa = PBXBuildFile; fileRef = E75B4F02217D32BE000E7428 /* EventsDetailViewController.swift */; };
/* End PBXBuildFile section */

/* Begin PBXContainerItemProxy section */
		3FEC02C32161457700C66198 /* PBXContainerItemProxy */ = {
			isa = PBXContainerItemProxy;
			containerPortal = 3FEC02A62161457700C66198 /* Project object */;
			proxyType = 1;
			remoteGlobalIDString = 3FEC02AD2161457700C66198;
			remoteInfo = UserSignin;
		};
		3FEC02CE2161457700C66198 /* PBXContainerItemProxy */ = {
			isa = PBXContainerItemProxy;
			containerPortal = 3FEC02A62161457700C66198 /* Project object */;
			proxyType = 1;
			remoteGlobalIDString = 3FEC02AD2161457700C66198;
			remoteInfo = UserSignin;
		};
/* End PBXContainerItemProxy section */

/* Begin PBXFileReference section */
		0C5F82EBAB8DAC502241E12F /* Pods-UserSignin.debug.xcconfig */ = {isa = PBXFileReference; includeInIndex = 1; lastKnownFileType = text.xcconfig; name = "Pods-UserSignin.debug.xcconfig"; path = "Pods/Target Support Files/Pods-UserSignin/Pods-UserSignin.debug.xcconfig"; sourceTree = "<group>"; };
		371FBB6B21862A5F00FAE360 /* CollectionViewCell.swift */ = {isa = PBXFileReference; lastKnownFileType = sourcecode.swift; path = CollectionViewCell.swift; sourceTree = "<group>"; };
		371FBB6D21862A7400FAE360 /* HomeCollectionViewController.swift */ = {isa = PBXFileReference; lastKnownFileType = sourcecode.swift; path = HomeCollectionViewController.swift; sourceTree = "<group>"; };
		371FBB6F21862D1800FAE360 /* CollectionViewController.swift */ = {isa = PBXFileReference; lastKnownFileType = sourcecode.swift; path = CollectionViewController.swift; sourceTree = "<group>"; };
		3F1190C7217D03CD0071FC4D /* EventViewController.swift */ = {isa = PBXFileReference; fileEncoding = 4; lastKnownFileType = sourcecode.swift; path = EventViewController.swift; sourceTree = "<group>"; };
		3F26F838218EA03700B72A7B /* IQTextView.swift */ = {isa = PBXFileReference; fileEncoding = 4; lastKnownFileType = sourcecode.swift; path = IQTextView.swift; sourceTree = "<group>"; };
		3F26F83A218EA03700B72A7B /* IQPreviousNextView.swift */ = {isa = PBXFileReference; fileEncoding = 4; lastKnownFileType = sourcecode.swift; path = IQPreviousNextView.swift; sourceTree = "<group>"; };
		3F26F83B218EA03700B72A7B /* IQTitleBarButtonItem.swift */ = {isa = PBXFileReference; fileEncoding = 4; lastKnownFileType = sourcecode.swift; path = IQTitleBarButtonItem.swift; sourceTree = "<group>"; };
		3F26F83C218EA03700B72A7B /* IQBarButtonItem.swift */ = {isa = PBXFileReference; fileEncoding = 4; lastKnownFileType = sourcecode.swift; path = IQBarButtonItem.swift; sourceTree = "<group>"; };
		3F26F83D218EA03700B72A7B /* IQToolbar.swift */ = {isa = PBXFileReference; fileEncoding = 4; lastKnownFileType = sourcecode.swift; path = IQToolbar.swift; sourceTree = "<group>"; };
		3F26F83E218EA03700B72A7B /* IQUIView+IQKeyboardToolbar.swift */ = {isa = PBXFileReference; fileEncoding = 4; lastKnownFileType = sourcecode.swift; path = "IQUIView+IQKeyboardToolbar.swift"; sourceTree = "<group>"; };
		3F26F83F218EA03700B72A7B /* IQInvocation.swift */ = {isa = PBXFileReference; fileEncoding = 4; lastKnownFileType = sourcecode.swift; path = IQInvocation.swift; sourceTree = "<group>"; };
		3F26F841218EA03700B72A7B /* IQKeyboardManagerConstantsInternal.swift */ = {isa = PBXFileReference; fileEncoding = 4; lastKnownFileType = sourcecode.swift; path = IQKeyboardManagerConstantsInternal.swift; sourceTree = "<group>"; };
		3F26F842218EA03700B72A7B /* IQKeyboardManagerConstants.swift */ = {isa = PBXFileReference; fileEncoding = 4; lastKnownFileType = sourcecode.swift; path = IQKeyboardManagerConstants.swift; sourceTree = "<group>"; };
		3F26F844218EA03700B72A7B /* IQKeyboardManager.bundle */ = {isa = PBXFileReference; lastKnownFileType = "wrapper.plug-in"; path = IQKeyboardManager.bundle; sourceTree = "<group>"; };
		3F26F845218EA03700B72A7B /* IQKeyboardReturnKeyHandler.swift */ = {isa = PBXFileReference; fileEncoding = 4; lastKnownFileType = sourcecode.swift; path = IQKeyboardReturnKeyHandler.swift; sourceTree = "<group>"; };
		3F26F846218EA03700B72A7B /* IQKeyboardManager.swift */ = {isa = PBXFileReference; fileEncoding = 4; lastKnownFileType = sourcecode.swift; path = IQKeyboardManager.swift; sourceTree = "<group>"; };
		3F26F847218EA03700B72A7B /* IQKeyboardManagerSwift.h */ = {isa = PBXFileReference; fileEncoding = 4; lastKnownFileType = sourcecode.c.h; path = IQKeyboardManagerSwift.h; sourceTree = "<group>"; };
		3F26F849218EA03700B72A7B /* IQUIScrollView+Additions.swift */ = {isa = PBXFileReference; fileEncoding = 4; lastKnownFileType = sourcecode.swift; path = "IQUIScrollView+Additions.swift"; sourceTree = "<group>"; };
		3F26F84A218EA03700B72A7B /* IQUIViewController+Additions.swift */ = {isa = PBXFileReference; fileEncoding = 4; lastKnownFileType = sourcecode.swift; path = "IQUIViewController+Additions.swift"; sourceTree = "<group>"; };
		3F26F84B218EA03700B72A7B /* IQUITextFieldView+Additions.swift */ = {isa = PBXFileReference; fileEncoding = 4; lastKnownFileType = sourcecode.swift; path = "IQUITextFieldView+Additions.swift"; sourceTree = "<group>"; };
		3F26F84C218EA03700B72A7B /* IQUIView+Hierarchy.swift */ = {isa = PBXFileReference; fileEncoding = 4; lastKnownFileType = sourcecode.swift; path = "IQUIView+Hierarchy.swift"; sourceTree = "<group>"; };
		3F26F84D218EA03700B72A7B /* IQNSArray+Sort.swift */ = {isa = PBXFileReference; fileEncoding = 4; lastKnownFileType = sourcecode.swift; path = "IQNSArray+Sort.swift"; sourceTree = "<group>"; };
		3F26F85F219F6E5F00B72A7B /* Organization.swift */ = {isa = PBXFileReference; lastKnownFileType = sourcecode.swift; path = Organization.swift; sourceTree = "<group>"; };
		3F26F8A921AA21A900B72A7B /* OrganizationTableViewController.swift */ = {isa = PBXFileReference; lastKnownFileType = sourcecode.swift; path = OrganizationTableViewController.swift; sourceTree = "<group>"; };
		3F26F8AB21AB693600B72A7B /* EventsforSelectedOrganizationTableViewController.swift */ = {isa = PBXFileReference; lastKnownFileType = sourcecode.swift; path = EventsforSelectedOrganizationTableViewController.swift; sourceTree = "<group>"; };
		3F437243216183BB00DC0656 /* Model.swift */ = {isa = PBXFileReference; lastKnownFileType = sourcecode.swift; path = Model.swift; sourceTree = "<group>"; };
		3F4372472161853B00DC0656 /* LoginViewController.swift */ = {isa = PBXFileReference; lastKnownFileType = sourcecode.swift; path = LoginViewController.swift; sourceTree = "<group>"; };
		3FEC02AE2161457700C66198 /* UserSignin.app */ = {isa = PBXFileReference; explicitFileType = wrapper.application; includeInIndex = 0; path = UserSignin.app; sourceTree = BUILT_PRODUCTS_DIR; };
		3FEC02B12161457700C66198 /* AppDelegate.swift */ = {isa = PBXFileReference; lastKnownFileType = sourcecode.swift; path = AppDelegate.swift; sourceTree = "<group>"; };
		3FEC02B62161457700C66198 /* Base */ = {isa = PBXFileReference; lastKnownFileType = file.storyboard; name = Base; path = Base.lproj/Main.storyboard; sourceTree = "<group>"; };
		3FEC02B82161457700C66198 /* Assets.xcassets */ = {isa = PBXFileReference; lastKnownFileType = folder.assetcatalog; path = Assets.xcassets; sourceTree = "<group>"; };
		3FEC02BB2161457700C66198 /* Base */ = {isa = PBXFileReference; lastKnownFileType = file.storyboard; name = Base; path = Base.lproj/LaunchScreen.storyboard; sourceTree = "<group>"; };
		3FEC02BD2161457700C66198 /* Info.plist */ = {isa = PBXFileReference; lastKnownFileType = text.plist.xml; path = Info.plist; sourceTree = "<group>"; };
		3FEC02C22161457700C66198 /* UserSigninTests.xctest */ = {isa = PBXFileReference; explicitFileType = wrapper.cfbundle; includeInIndex = 0; path = UserSigninTests.xctest; sourceTree = BUILT_PRODUCTS_DIR; };
		3FEC02C62161457700C66198 /* UserSigninTests.swift */ = {isa = PBXFileReference; lastKnownFileType = sourcecode.swift; path = UserSigninTests.swift; sourceTree = "<group>"; };
		3FEC02C82161457700C66198 /* Info.plist */ = {isa = PBXFileReference; lastKnownFileType = text.plist.xml; path = Info.plist; sourceTree = "<group>"; };
		3FEC02CD2161457700C66198 /* UserSigninUITests.xctest */ = {isa = PBXFileReference; explicitFileType = wrapper.cfbundle; includeInIndex = 0; path = UserSigninUITests.xctest; sourceTree = BUILT_PRODUCTS_DIR; };
		3FEC02D12161457700C66198 /* UserSigninUITests.swift */ = {isa = PBXFileReference; lastKnownFileType = sourcecode.swift; path = UserSigninUITests.swift; sourceTree = "<group>"; };
		3FEC02D32161457700C66198 /* Info.plist */ = {isa = PBXFileReference; lastKnownFileType = text.plist.xml; path = Info.plist; sourceTree = "<group>"; };
		3FF876AF2166D82F005844FF /* RegisterViewController.swift */ = {isa = PBXFileReference; lastKnownFileType = sourcecode.swift; path = RegisterViewController.swift; sourceTree = "<group>"; };
		560D63C16F8354339E711E9B /* Pods_UserSigninUITests.framework */ = {isa = PBXFileReference; explicitFileType = wrapper.framework; includeInIndex = 0; path = Pods_UserSigninUITests.framework; sourceTree = BUILT_PRODUCTS_DIR; };
		724EEE7B3554CC2C3C87A4A9 /* Pods-UserSigninUITests.debug.xcconfig */ = {isa = PBXFileReference; includeInIndex = 1; lastKnownFileType = text.xcconfig; name = "Pods-UserSigninUITests.debug.xcconfig"; path = "Pods/Target Support Files/Pods-UserSigninUITests/Pods-UserSigninUITests.debug.xcconfig"; sourceTree = "<group>"; };
		779737015548C38AB93415B7 /* Pods-UserSignin.release.xcconfig */ = {isa = PBXFileReference; includeInIndex = 1; lastKnownFileType = text.xcconfig; name = "Pods-UserSignin.release.xcconfig"; path = "Pods/Target Support Files/Pods-UserSignin/Pods-UserSignin.release.xcconfig"; sourceTree = "<group>"; };
		8069FC2B21703CF6009C4C70 /* AdminTableViewController.swift */ = {isa = PBXFileReference; lastKnownFileType = sourcecode.swift; path = AdminTableViewController.swift; sourceTree = "<group>"; };
		80948D73218FEC0A00500BF0 /* WallpaperWindow.swift */ = {isa = PBXFileReference; lastKnownFileType = sourcecode.swift; path = WallpaperWindow.swift; sourceTree = "<group>"; };
		8BB1F023BD6D0E3210248007 /* Pods_UserSignin.framework */ = {isa = PBXFileReference; explicitFileType = wrapper.framework; includeInIndex = 0; path = Pods_UserSignin.framework; sourceTree = BUILT_PRODUCTS_DIR; };
		9E4ACFC643D72DE2B5812641 /* Pods-UserSigninUITests.release.xcconfig */ = {isa = PBXFileReference; includeInIndex = 1; lastKnownFileType = text.xcconfig; name = "Pods-UserSigninUITests.release.xcconfig"; path = "Pods/Target Support Files/Pods-UserSigninUITests/Pods-UserSigninUITests.release.xcconfig"; sourceTree = "<group>"; };
		9FD42591BDF385B20AD0284D /* Pods-UserSigninTests.debug.xcconfig */ = {isa = PBXFileReference; includeInIndex = 1; lastKnownFileType = text.xcconfig; name = "Pods-UserSigninTests.debug.xcconfig"; path = "Pods/Target Support Files/Pods-UserSigninTests/Pods-UserSigninTests.debug.xcconfig"; sourceTree = "<group>"; };
		ACCC027A0C14BD00D8FA0C59 /* Pods-UserSigninTests.release.xcconfig */ = {isa = PBXFileReference; includeInIndex = 1; lastKnownFileType = text.xcconfig; name = "Pods-UserSigninTests.release.xcconfig"; path = "Pods/Target Support Files/Pods-UserSigninTests/Pods-UserSigninTests.release.xcconfig"; sourceTree = "<group>"; };
		BB87B9AF216AF625003DBE3C /* AddNewEventViewController.swift */ = {isa = PBXFileReference; lastKnownFileType = sourcecode.swift; path = AddNewEventViewController.swift; sourceTree = "<group>"; };
		BBA3282F2191454200A47B85 /* EventData.swift */ = {isa = PBXFileReference; lastKnownFileType = sourcecode.swift; path = EventData.swift; sourceTree = "<group>"; };
		E75B4F02217D32BE000E7428 /* EventsDetailViewController.swift */ = {isa = PBXFileReference; lastKnownFileType = sourcecode.swift; path = EventsDetailViewController.swift; sourceTree = "<group>"; wrapsLines = 0; };
		F33DC5DE85620CA65F579FCE /* Pods_UserSigninTests.framework */ = {isa = PBXFileReference; explicitFileType = wrapper.framework; includeInIndex = 0; path = Pods_UserSigninTests.framework; sourceTree = BUILT_PRODUCTS_DIR; };
/* End PBXFileReference section */

/* Begin PBXFrameworksBuildPhase section */
		3FEC02AB2161457700C66198 /* Frameworks */ = {
			isa = PBXFrameworksBuildPhase;
			buildActionMask = 2147483647;
			files = (
				635CE01835E13D968080C2E7 /* Pods_UserSignin.framework in Frameworks */,
			);
			runOnlyForDeploymentPostprocessing = 0;
		};
		3FEC02BF2161457700C66198 /* Frameworks */ = {
			isa = PBXFrameworksBuildPhase;
			buildActionMask = 2147483647;
			files = (
				3BC88DBFF578EED98AC316F1 /* Pods_UserSigninTests.framework in Frameworks */,
			);
			runOnlyForDeploymentPostprocessing = 0;
		};
		3FEC02CA2161457700C66198 /* Frameworks */ = {
			isa = PBXFrameworksBuildPhase;
			buildActionMask = 2147483647;
			files = (
				42325E26545DDA2D69913688 /* Pods_UserSigninUITests.framework in Frameworks */,
			);
			runOnlyForDeploymentPostprocessing = 0;
		};
/* End PBXFrameworksBuildPhase section */

/* Begin PBXGroup section */
		18B5632269D9C3B0985D2C66 /* Frameworks */ = {
			isa = PBXGroup;
			children = (
				8BB1F023BD6D0E3210248007 /* Pods_UserSignin.framework */,
				F33DC5DE85620CA65F579FCE /* Pods_UserSigninTests.framework */,
				560D63C16F8354339E711E9B /* Pods_UserSigninUITests.framework */,
			);
			name = Frameworks;
			sourceTree = "<group>";
		};
		3F26F836218EA03700B72A7B /* IQKeyboardManagerSwift */ = {
			isa = PBXGroup;
			children = (
				3F26F837218EA03700B72A7B /* IQTextView */,
				3F26F839218EA03700B72A7B /* IQToolbar */,
				3F26F840218EA03700B72A7B /* Constants */,
				3F26F843218EA03700B72A7B /* Resources */,
				3F26F845218EA03700B72A7B /* IQKeyboardReturnKeyHandler.swift */,
				3F26F846218EA03700B72A7B /* IQKeyboardManager.swift */,
				3F26F847218EA03700B72A7B /* IQKeyboardManagerSwift.h */,
				3F26F848218EA03700B72A7B /* Categories */,
			);
			path = IQKeyboardManagerSwift;
			sourceTree = "<group>";
		};
		3F26F837218EA03700B72A7B /* IQTextView */ = {
			isa = PBXGroup;
			children = (
				3F26F838218EA03700B72A7B /* IQTextView.swift */,
			);
			path = IQTextView;
			sourceTree = "<group>";
		};
		3F26F839218EA03700B72A7B /* IQToolbar */ = {
			isa = PBXGroup;
			children = (
				3F26F83A218EA03700B72A7B /* IQPreviousNextView.swift */,
				3F26F83B218EA03700B72A7B /* IQTitleBarButtonItem.swift */,
				3F26F83C218EA03700B72A7B /* IQBarButtonItem.swift */,
				3F26F83D218EA03700B72A7B /* IQToolbar.swift */,
				3F26F83E218EA03700B72A7B /* IQUIView+IQKeyboardToolbar.swift */,
				3F26F83F218EA03700B72A7B /* IQInvocation.swift */,
			);
			path = IQToolbar;
			sourceTree = "<group>";
		};
		3F26F840218EA03700B72A7B /* Constants */ = {
			isa = PBXGroup;
			children = (
				3F26F841218EA03700B72A7B /* IQKeyboardManagerConstantsInternal.swift */,
				3F26F842218EA03700B72A7B /* IQKeyboardManagerConstants.swift */,
			);
			path = Constants;
			sourceTree = "<group>";
		};
		3F26F843218EA03700B72A7B /* Resources */ = {
			isa = PBXGroup;
			children = (
				3F26F844218EA03700B72A7B /* IQKeyboardManager.bundle */,
			);
			path = Resources;
			sourceTree = "<group>";
		};
		3F26F848218EA03700B72A7B /* Categories */ = {
			isa = PBXGroup;
			children = (
				3F26F849218EA03700B72A7B /* IQUIScrollView+Additions.swift */,
				3F26F84A218EA03700B72A7B /* IQUIViewController+Additions.swift */,
				3F26F84B218EA03700B72A7B /* IQUITextFieldView+Additions.swift */,
				3F26F84C218EA03700B72A7B /* IQUIView+Hierarchy.swift */,
				3F26F84D218EA03700B72A7B /* IQNSArray+Sort.swift */,
			);
			path = Categories;
			sourceTree = "<group>";
		};
		3FEC02A52161457700C66198 = {
			isa = PBXGroup;
			children = (
				3FEC02B02161457700C66198 /* UserSignin */,
				3FEC02C52161457700C66198 /* UserSigninTests */,
				3FEC02D02161457700C66198 /* UserSigninUITests */,
				3FEC02AF2161457700C66198 /* Products */,
				71D6E47051982C2224D9255B /* Pods */,
				18B5632269D9C3B0985D2C66 /* Frameworks */,
			);
			sourceTree = "<group>";
		};
		3FEC02AF2161457700C66198 /* Products */ = {
			isa = PBXGroup;
			children = (
				3FEC02AE2161457700C66198 /* UserSignin.app */,
				3FEC02C22161457700C66198 /* UserSigninTests.xctest */,
				3FEC02CD2161457700C66198 /* UserSigninUITests.xctest */,
			);
			name = Products;
			sourceTree = "<group>";
		};
		3FEC02B02161457700C66198 /* UserSignin */ = {
			isa = PBXGroup;
			children = (
				3FEC02B12161457700C66198 /* AppDelegate.swift */,
				BB87B9AF216AF625003DBE3C /* AddNewEventViewController.swift */,
				BBA3282F2191454200A47B85 /* EventData.swift */,
				8069FC2B21703CF6009C4C70 /* AdminTableViewController.swift */,
				3F26F836218EA03700B72A7B /* IQKeyboardManagerSwift */,
				3FEC02B52161457700C66198 /* Main.storyboard */,
				3F26F8AB21AB693600B72A7B /* EventsforSelectedOrganizationTableViewController.swift */,
				3F26F8A921AA21A900B72A7B /* OrganizationTableViewController.swift */,
				80948D73218FEC0A00500BF0 /* WallpaperWindow.swift */,
				371FBB6F21862D1800FAE360 /* CollectionViewController.swift */,
				371FBB6B21862A5F00FAE360 /* CollectionViewCell.swift */,
				371FBB6D21862A7400FAE360 /* HomeCollectionViewController.swift */,
				E75B4F02217D32BE000E7428 /* EventsDetailViewController.swift */,
				3F1190C7217D03CD0071FC4D /* EventViewController.swift */,
				3FF876AF2166D82F005844FF /* RegisterViewController.swift */,
				3F437243216183BB00DC0656 /* Model.swift */,
				3F26F85F219F6E5F00B72A7B /* Organization.swift */,
				3FEC02B82161457700C66198 /* Assets.xcassets */,
				3FEC02BA2161457700C66198 /* LaunchScreen.storyboard */,
				3FEC02BD2161457700C66198 /* Info.plist */,
				3F4372472161853B00DC0656 /* LoginViewController.swift */,
			);
			path = UserSignin;
			sourceTree = "<group>";
		};
		3FEC02C52161457700C66198 /* UserSigninTests */ = {
			isa = PBXGroup;
			children = (
				3FEC02C62161457700C66198 /* UserSigninTests.swift */,
				3FEC02C82161457700C66198 /* Info.plist */,
			);
			path = UserSigninTests;
			sourceTree = "<group>";
		};
		3FEC02D02161457700C66198 /* UserSigninUITests */ = {
			isa = PBXGroup;
			children = (
				3FEC02D12161457700C66198 /* UserSigninUITests.swift */,
				3FEC02D32161457700C66198 /* Info.plist */,
			);
			path = UserSigninUITests;
			sourceTree = "<group>";
		};
		71D6E47051982C2224D9255B /* Pods */ = {
			isa = PBXGroup;
			children = (
				0C5F82EBAB8DAC502241E12F /* Pods-UserSignin.debug.xcconfig */,
				779737015548C38AB93415B7 /* Pods-UserSignin.release.xcconfig */,
				9FD42591BDF385B20AD0284D /* Pods-UserSigninTests.debug.xcconfig */,
				ACCC027A0C14BD00D8FA0C59 /* Pods-UserSigninTests.release.xcconfig */,
				724EEE7B3554CC2C3C87A4A9 /* Pods-UserSigninUITests.debug.xcconfig */,
				9E4ACFC643D72DE2B5812641 /* Pods-UserSigninUITests.release.xcconfig */,
			);
			name = Pods;
			sourceTree = "<group>";
		};
/* End PBXGroup section */

/* Begin PBXNativeTarget section */
		3FEC02AD2161457700C66198 /* UserSignin */ = {
			isa = PBXNativeTarget;
			buildConfigurationList = 3FEC02D62161457700C66198 /* Build configuration list for PBXNativeTarget "UserSignin" */;
			buildPhases = (
				DBC4F0CB5B623A84325A19A4 /* [CP] Check Pods Manifest.lock */,
				3FEC02AA2161457700C66198 /* Sources */,
				3FEC02AB2161457700C66198 /* Frameworks */,
				3FEC02AC2161457700C66198 /* Resources */,
				6481A7D820EE768D85BF60D3 /* [CP] Embed Pods Frameworks */,
			);
			buildRules = (
			);
			dependencies = (
			);
			name = UserSignin;
			productName = UserSignin;
			productReference = 3FEC02AE2161457700C66198 /* UserSignin.app */;
			productType = "com.apple.product-type.application";
		};
		3FEC02C12161457700C66198 /* UserSigninTests */ = {
			isa = PBXNativeTarget;
			buildConfigurationList = 3FEC02D92161457700C66198 /* Build configuration list for PBXNativeTarget "UserSigninTests" */;
			buildPhases = (
				09EF225C28F3C5A5C88188A4 /* [CP] Check Pods Manifest.lock */,
				3FEC02BE2161457700C66198 /* Sources */,
				3FEC02BF2161457700C66198 /* Frameworks */,
				3FEC02C02161457700C66198 /* Resources */,
			);
			buildRules = (
			);
			dependencies = (
				3FEC02C42161457700C66198 /* PBXTargetDependency */,
			);
			name = UserSigninTests;
			productName = UserSigninTests;
			productReference = 3FEC02C22161457700C66198 /* UserSigninTests.xctest */;
			productType = "com.apple.product-type.bundle.unit-test";
		};
		3FEC02CC2161457700C66198 /* UserSigninUITests */ = {
			isa = PBXNativeTarget;
			buildConfigurationList = 3FEC02DC2161457700C66198 /* Build configuration list for PBXNativeTarget "UserSigninUITests" */;
			buildPhases = (
				6F9892C3AD8AA86D8E0AED0A /* [CP] Check Pods Manifest.lock */,
				3FEC02C92161457700C66198 /* Sources */,
				3FEC02CA2161457700C66198 /* Frameworks */,
				3FEC02CB2161457700C66198 /* Resources */,
			);
			buildRules = (
			);
			dependencies = (
				3FEC02CF2161457700C66198 /* PBXTargetDependency */,
			);
			name = UserSigninUITests;
			productName = UserSigninUITests;
			productReference = 3FEC02CD2161457700C66198 /* UserSigninUITests.xctest */;
			productType = "com.apple.product-type.bundle.ui-testing";
		};
/* End PBXNativeTarget section */

/* Begin PBXProject section */
		3FEC02A62161457700C66198 /* Project object */ = {
			isa = PBXProject;
			attributes = {
				LastSwiftUpdateCheck = 0920;
				LastUpgradeCheck = 0920;
				ORGANIZATIONNAME = Student;
				TargetAttributes = {
					3FEC02AD2161457700C66198 = {
						CreatedOnToolsVersion = 9.2;
						ProvisioningStyle = Automatic;
					};
					3FEC02C12161457700C66198 = {
						CreatedOnToolsVersion = 9.2;
						ProvisioningStyle = Automatic;
						TestTargetID = 3FEC02AD2161457700C66198;
					};
					3FEC02CC2161457700C66198 = {
						CreatedOnToolsVersion = 9.2;
						ProvisioningStyle = Automatic;
						TestTargetID = 3FEC02AD2161457700C66198;
					};
				};
			};
			buildConfigurationList = 3FEC02A92161457700C66198 /* Build configuration list for PBXProject "UserSignin" */;
			compatibilityVersion = "Xcode 8.0";
			developmentRegion = en;
			hasScannedForEncodings = 0;
			knownRegions = (
				en,
				Base,
			);
			mainGroup = 3FEC02A52161457700C66198;
			productRefGroup = 3FEC02AF2161457700C66198 /* Products */;
			projectDirPath = "";
			projectRoot = "";
			targets = (
				3FEC02AD2161457700C66198 /* UserSignin */,
				3FEC02C12161457700C66198 /* UserSigninTests */,
				3FEC02CC2161457700C66198 /* UserSigninUITests */,
			);
		};
/* End PBXProject section */

/* Begin PBXResourcesBuildPhase section */
		3FEC02AC2161457700C66198 /* Resources */ = {
			isa = PBXResourcesBuildPhase;
			buildActionMask = 2147483647;
			files = (
				3FEC02BC2161457700C66198 /* LaunchScreen.storyboard in Resources */,
				3FEC02B92161457700C66198 /* Assets.xcassets in Resources */,
				3F26F857218EA03700B72A7B /* IQKeyboardManager.bundle in Resources */,
				3FEC02B72161457700C66198 /* Main.storyboard in Resources */,
			);
			runOnlyForDeploymentPostprocessing = 0;
		};
		3FEC02C02161457700C66198 /* Resources */ = {
			isa = PBXResourcesBuildPhase;
			buildActionMask = 2147483647;
			files = (
			);
			runOnlyForDeploymentPostprocessing = 0;
		};
		3FEC02CB2161457700C66198 /* Resources */ = {
			isa = PBXResourcesBuildPhase;
			buildActionMask = 2147483647;
			files = (
			);
			runOnlyForDeploymentPostprocessing = 0;
		};
/* End PBXResourcesBuildPhase section */

/* Begin PBXShellScriptBuildPhase section */
		09EF225C28F3C5A5C88188A4 /* [CP] Check Pods Manifest.lock */ = {
			isa = PBXShellScriptBuildPhase;
			buildActionMask = 2147483647;
			files = (
			);
			inputPaths = (
				"${PODS_PODFILE_DIR_PATH}/Podfile.lock",
				"${PODS_ROOT}/Manifest.lock",
			);
			name = "[CP] Check Pods Manifest.lock";
			outputPaths = (
				"$(DERIVED_FILE_DIR)/Pods-UserSigninTests-checkManifestLockResult.txt",
			);
			runOnlyForDeploymentPostprocessing = 0;
			shellPath = /bin/sh;
			shellScript = "diff \"${PODS_PODFILE_DIR_PATH}/Podfile.lock\" \"${PODS_ROOT}/Manifest.lock\" > /dev/null\nif [ $? != 0 ] ; then\n    # print error to STDERR\n    echo \"error: The sandbox is not in sync with the Podfile.lock. Run 'pod install' or update your CocoaPods installation.\" >&2\n    exit 1\nfi\n# This output is used by Xcode 'outputs' to avoid re-running this script phase.\necho \"SUCCESS\" > \"${SCRIPT_OUTPUT_FILE_0}\"\n";
			showEnvVarsInLog = 0;
		};
		6481A7D820EE768D85BF60D3 /* [CP] Embed Pods Frameworks */ = {
			isa = PBXShellScriptBuildPhase;
			buildActionMask = 2147483647;
			files = (
			);
			inputPaths = (
				"${SRCROOT}/Pods/Target Support Files/Pods-UserSignin/Pods-UserSignin-frameworks.sh",
				"${BUILT_PRODUCTS_DIR}/Socket.IO-Client-Swift/SocketIO.framework",
				"${BUILT_PRODUCTS_DIR}/Starscream/Starscream.framework",
			);
			name = "[CP] Embed Pods Frameworks";
			outputPaths = (
				"${TARGET_BUILD_DIR}/${FRAMEWORKS_FOLDER_PATH}/SocketIO.framework",
				"${TARGET_BUILD_DIR}/${FRAMEWORKS_FOLDER_PATH}/Starscream.framework",
			);
			runOnlyForDeploymentPostprocessing = 0;
			shellPath = /bin/sh;
			shellScript = "\"${SRCROOT}/Pods/Target Support Files/Pods-UserSignin/Pods-UserSignin-frameworks.sh\"\n";
			showEnvVarsInLog = 0;
		};
		6F9892C3AD8AA86D8E0AED0A /* [CP] Check Pods Manifest.lock */ = {
			isa = PBXShellScriptBuildPhase;
			buildActionMask = 2147483647;
			files = (
			);
			inputPaths = (
				"${PODS_PODFILE_DIR_PATH}/Podfile.lock",
				"${PODS_ROOT}/Manifest.lock",
			);
			name = "[CP] Check Pods Manifest.lock";
			outputPaths = (
				"$(DERIVED_FILE_DIR)/Pods-UserSigninUITests-checkManifestLockResult.txt",
			);
			runOnlyForDeploymentPostprocessing = 0;
			shellPath = /bin/sh;
			shellScript = "diff \"${PODS_PODFILE_DIR_PATH}/Podfile.lock\" \"${PODS_ROOT}/Manifest.lock\" > /dev/null\nif [ $? != 0 ] ; then\n    # print error to STDERR\n    echo \"error: The sandbox is not in sync with the Podfile.lock. Run 'pod install' or update your CocoaPods installation.\" >&2\n    exit 1\nfi\n# This output is used by Xcode 'outputs' to avoid re-running this script phase.\necho \"SUCCESS\" > \"${SCRIPT_OUTPUT_FILE_0}\"\n";
			showEnvVarsInLog = 0;
		};
		DBC4F0CB5B623A84325A19A4 /* [CP] Check Pods Manifest.lock */ = {
			isa = PBXShellScriptBuildPhase;
			buildActionMask = 2147483647;
			files = (
			);
			inputPaths = (
				"${PODS_PODFILE_DIR_PATH}/Podfile.lock",
				"${PODS_ROOT}/Manifest.lock",
			);
			name = "[CP] Check Pods Manifest.lock";
			outputPaths = (
				"$(DERIVED_FILE_DIR)/Pods-UserSignin-checkManifestLockResult.txt",
			);
			runOnlyForDeploymentPostprocessing = 0;
			shellPath = /bin/sh;
			shellScript = "diff \"${PODS_PODFILE_DIR_PATH}/Podfile.lock\" \"${PODS_ROOT}/Manifest.lock\" > /dev/null\nif [ $? != 0 ] ; then\n    # print error to STDERR\n    echo \"error: The sandbox is not in sync with the Podfile.lock. Run 'pod install' or update your CocoaPods installation.\" >&2\n    exit 1\nfi\n# This output is used by Xcode 'outputs' to avoid re-running this script phase.\necho \"SUCCESS\" > \"${SCRIPT_OUTPUT_FILE_0}\"\n";
			showEnvVarsInLog = 0;
		};
/* End PBXShellScriptBuildPhase section */

/* Begin PBXSourcesBuildPhase section */
		3FEC02AA2161457700C66198 /* Sources */ = {
			isa = PBXSourcesBuildPhase;
			buildActionMask = 2147483647;
			files = (
				3F26F858218EA03700B72A7B /* IQKeyboardReturnKeyHandler.swift in Sources */,
				80948D74218FEC0A00500BF0 /* WallpaperWindow.swift in Sources */,
				3F4372482161853B00DC0656 /* LoginViewController.swift in Sources */,
				3F26F8AC21AB693600B72A7B /* EventsforSelectedOrganizationTableViewController.swift in Sources */,
				3F26F8AA21AA21A900B72A7B /* OrganizationTableViewController.swift in Sources */,
				3FF876B02166D82F005844FF /* RegisterViewController.swift in Sources */,
				3F26F860219F6E5F00B72A7B /* Organization.swift in Sources */,
				3F26F84E218EA03700B72A7B /* IQTextView.swift in Sources */,
				3F26F85B218EA03700B72A7B /* IQUIViewController+Additions.swift in Sources */,
				3F26F856218EA03700B72A7B /* IQKeyboardManagerConstants.swift in Sources */,
				3F26F85A218EA03700B72A7B /* IQUIScrollView+Additions.swift in Sources */,
				BB87B9B0216AF625003DBE3C /* AddNewEventViewController.swift in Sources */,
				3F26F850218EA03700B72A7B /* IQTitleBarButtonItem.swift in Sources */,
				3F1190C8217D03CD0071FC4D /* EventViewController.swift in Sources */,
				8069FC2C21703CF6009C4C70 /* AdminTableViewController.swift in Sources */,
				3F26F853218EA03700B72A7B /* IQUIView+IQKeyboardToolbar.swift in Sources */,
				3F26F852218EA03700B72A7B /* IQToolbar.swift in Sources */,
				3F26F855218EA03700B72A7B /* IQKeyboardManagerConstantsInternal.swift in Sources */,
				3F26F859218EA03700B72A7B /* IQKeyboardManager.swift in Sources */,
				3F26F85D218EA03700B72A7B /* IQUIView+Hierarchy.swift in Sources */,
				E75B4F03217D32BE000E7428 /* EventsDetailViewController.swift in Sources */,
				371FBB6C21862A5F00FAE360 /* CollectionViewCell.swift in Sources */,
				3F26F85C218EA03700B72A7B /* IQUITextFieldView+Additions.swift in Sources */,
				371FBB7021862D1800FAE360 /* CollectionViewController.swift in Sources */,
				3F26F851218EA03700B72A7B /* IQBarButtonItem.swift in Sources */,
				3F26F854218EA03700B72A7B /* IQInvocation.swift in Sources */,
				BBA328302191454200A47B85 /* EventData.swift in Sources */,
				3F26F84F218EA03700B72A7B /* IQPreviousNextView.swift in Sources */,
				3F26F85E218EA03700B72A7B /* IQNSArray+Sort.swift in Sources */,
				371FBB6E21862A7400FAE360 /* HomeCollectionViewController.swift in Sources */,
				3F437244216183BB00DC0656 /* Model.swift in Sources */,
				3FEC02B22161457700C66198 /* AppDelegate.swift in Sources */,
			);
			runOnlyForDeploymentPostprocessing = 0;
		};
		3FEC02BE2161457700C66198 /* Sources */ = {
			isa = PBXSourcesBuildPhase;
			buildActionMask = 2147483647;
			files = (
				3FEC02C72161457700C66198 /* UserSigninTests.swift in Sources */,
			);
			runOnlyForDeploymentPostprocessing = 0;
		};
		3FEC02C92161457700C66198 /* Sources */ = {
			isa = PBXSourcesBuildPhase;
			buildActionMask = 2147483647;
			files = (
				3FEC02D22161457700C66198 /* UserSigninUITests.swift in Sources */,
			);
			runOnlyForDeploymentPostprocessing = 0;
		};
/* End PBXSourcesBuildPhase section */

/* Begin PBXTargetDependency section */
		3FEC02C42161457700C66198 /* PBXTargetDependency */ = {
			isa = PBXTargetDependency;
			target = 3FEC02AD2161457700C66198 /* UserSignin */;
			targetProxy = 3FEC02C32161457700C66198 /* PBXContainerItemProxy */;
		};
		3FEC02CF2161457700C66198 /* PBXTargetDependency */ = {
			isa = PBXTargetDependency;
			target = 3FEC02AD2161457700C66198 /* UserSignin */;
			targetProxy = 3FEC02CE2161457700C66198 /* PBXContainerItemProxy */;
		};
/* End PBXTargetDependency section */

/* Begin PBXVariantGroup section */
		3FEC02B52161457700C66198 /* Main.storyboard */ = {
			isa = PBXVariantGroup;
			children = (
				3FEC02B62161457700C66198 /* Base */,
			);
			name = Main.storyboard;
			sourceTree = "<group>";
		};
		3FEC02BA2161457700C66198 /* LaunchScreen.storyboard */ = {
			isa = PBXVariantGroup;
			children = (
				3FEC02BB2161457700C66198 /* Base */,
			);
			name = LaunchScreen.storyboard;
			sourceTree = "<group>";
		};
/* End PBXVariantGroup section */

/* Begin XCBuildConfiguration section */
		3FEC02D42161457700C66198 /* Debug */ = {
			isa = XCBuildConfiguration;
			buildSettings = {
				ALWAYS_SEARCH_USER_PATHS = NO;
				CLANG_ANALYZER_NONNULL = YES;
				CLANG_ANALYZER_NUMBER_OBJECT_CONVERSION = YES_AGGRESSIVE;
				CLANG_CXX_LANGUAGE_STANDARD = "gnu++14";
				CLANG_CXX_LIBRARY = "libc++";
				CLANG_ENABLE_MODULES = YES;
				CLANG_ENABLE_OBJC_ARC = YES;
				CLANG_WARN_BLOCK_CAPTURE_AUTORELEASING = YES;
				CLANG_WARN_BOOL_CONVERSION = YES;
				CLANG_WARN_COMMA = YES;
				CLANG_WARN_CONSTANT_CONVERSION = YES;
				CLANG_WARN_DIRECT_OBJC_ISA_USAGE = YES_ERROR;
				CLANG_WARN_DOCUMENTATION_COMMENTS = YES;
				CLANG_WARN_EMPTY_BODY = YES;
				CLANG_WARN_ENUM_CONVERSION = YES;
				CLANG_WARN_INFINITE_RECURSION = YES;
				CLANG_WARN_INT_CONVERSION = YES;
				CLANG_WARN_NON_LITERAL_NULL_CONVERSION = YES;
				CLANG_WARN_OBJC_LITERAL_CONVERSION = YES;
				CLANG_WARN_OBJC_ROOT_CLASS = YES_ERROR;
				CLANG_WARN_RANGE_LOOP_ANALYSIS = YES;
				CLANG_WARN_STRICT_PROTOTYPES = YES;
				CLANG_WARN_SUSPICIOUS_MOVE = YES;
				CLANG_WARN_UNGUARDED_AVAILABILITY = YES_AGGRESSIVE;
				CLANG_WARN_UNREACHABLE_CODE = YES;
				CLANG_WARN__DUPLICATE_METHOD_MATCH = YES;
				CODE_SIGN_IDENTITY = "iPhone Developer";
				COPY_PHASE_STRIP = NO;
				DEBUG_INFORMATION_FORMAT = dwarf;
				ENABLE_STRICT_OBJC_MSGSEND = YES;
				ENABLE_TESTABILITY = YES;
				GCC_C_LANGUAGE_STANDARD = gnu11;
				GCC_DYNAMIC_NO_PIC = NO;
				GCC_NO_COMMON_BLOCKS = YES;
				GCC_OPTIMIZATION_LEVEL = 0;
				GCC_PREPROCESSOR_DEFINITIONS = (
					"DEBUG=1",
					"$(inherited)",
				);
				GCC_WARN_64_TO_32_BIT_CONVERSION = YES;
				GCC_WARN_ABOUT_RETURN_TYPE = YES_ERROR;
				GCC_WARN_UNDECLARED_SELECTOR = YES;
				GCC_WARN_UNINITIALIZED_AUTOS = YES_AGGRESSIVE;
				GCC_WARN_UNUSED_FUNCTION = YES;
				GCC_WARN_UNUSED_VARIABLE = YES;
				IPHONEOS_DEPLOYMENT_TARGET = 11.2;
				MTL_ENABLE_DEBUG_INFO = YES;
				ONLY_ACTIVE_ARCH = YES;
				SDKROOT = iphoneos;
				SWIFT_ACTIVE_COMPILATION_CONDITIONS = DEBUG;
				SWIFT_OPTIMIZATION_LEVEL = "-Onone";
			};
			name = Debug;
		};
		3FEC02D52161457700C66198 /* Release */ = {
			isa = XCBuildConfiguration;
			buildSettings = {
				ALWAYS_SEARCH_USER_PATHS = NO;
				CLANG_ANALYZER_NONNULL = YES;
				CLANG_ANALYZER_NUMBER_OBJECT_CONVERSION = YES_AGGRESSIVE;
				CLANG_CXX_LANGUAGE_STANDARD = "gnu++14";
				CLANG_CXX_LIBRARY = "libc++";
				CLANG_ENABLE_MODULES = YES;
				CLANG_ENABLE_OBJC_ARC = YES;
				CLANG_WARN_BLOCK_CAPTURE_AUTORELEASING = YES;
				CLANG_WARN_BOOL_CONVERSION = YES;
				CLANG_WARN_COMMA = YES;
				CLANG_WARN_CONSTANT_CONVERSION = YES;
				CLANG_WARN_DIRECT_OBJC_ISA_USAGE = YES_ERROR;
				CLANG_WARN_DOCUMENTATION_COMMENTS = YES;
				CLANG_WARN_EMPTY_BODY = YES;
				CLANG_WARN_ENUM_CONVERSION = YES;
				CLANG_WARN_INFINITE_RECURSION = YES;
				CLANG_WARN_INT_CONVERSION = YES;
				CLANG_WARN_NON_LITERAL_NULL_CONVERSION = YES;
				CLANG_WARN_OBJC_LITERAL_CONVERSION = YES;
				CLANG_WARN_OBJC_ROOT_CLASS = YES_ERROR;
				CLANG_WARN_RANGE_LOOP_ANALYSIS = YES;
				CLANG_WARN_STRICT_PROTOTYPES = YES;
				CLANG_WARN_SUSPICIOUS_MOVE = YES;
				CLANG_WARN_UNGUARDED_AVAILABILITY = YES_AGGRESSIVE;
				CLANG_WARN_UNREACHABLE_CODE = YES;
				CLANG_WARN__DUPLICATE_METHOD_MATCH = YES;
				CODE_SIGN_IDENTITY = "iPhone Developer";
				COPY_PHASE_STRIP = NO;
				DEBUG_INFORMATION_FORMAT = "dwarf-with-dsym";
				ENABLE_NS_ASSERTIONS = NO;
				ENABLE_STRICT_OBJC_MSGSEND = YES;
				GCC_C_LANGUAGE_STANDARD = gnu11;
				GCC_NO_COMMON_BLOCKS = YES;
				GCC_WARN_64_TO_32_BIT_CONVERSION = YES;
				GCC_WARN_ABOUT_RETURN_TYPE = YES_ERROR;
				GCC_WARN_UNDECLARED_SELECTOR = YES;
				GCC_WARN_UNINITIALIZED_AUTOS = YES_AGGRESSIVE;
				GCC_WARN_UNUSED_FUNCTION = YES;
				GCC_WARN_UNUSED_VARIABLE = YES;
				IPHONEOS_DEPLOYMENT_TARGET = 11.2;
				MTL_ENABLE_DEBUG_INFO = NO;
				SDKROOT = iphoneos;
				SWIFT_OPTIMIZATION_LEVEL = "-Owholemodule";
				VALIDATE_PRODUCT = YES;
			};
			name = Release;
		};
		3FEC02D72161457700C66198 /* Debug */ = {
			isa = XCBuildConfiguration;
			baseConfigurationReference = 0C5F82EBAB8DAC502241E12F /* Pods-UserSignin.debug.xcconfig */;
			buildSettings = {
				ASSETCATALOG_COMPILER_APPICON_NAME = AppIcon;
				CODE_SIGN_STYLE = Automatic;
				DEVELOPMENT_TEAM = DY2JP45FA3;
				INFOPLIST_FILE = UserSignin/Info.plist;
				IPHONEOS_DEPLOYMENT_TARGET = 11.1;
				LD_RUNPATH_SEARCH_PATHS = "$(inherited) @executable_path/Frameworks";
				PRODUCT_BUNDLE_IDENTIFIER = nwmissouri.edu.UserSignin;
				PRODUCT_NAME = "$(TARGET_NAME)";
				SWIFT_OBJC_BRIDGING_HEADER = "Pods/Backendless/SDK/ios/backendless/include/Backendless-Bridging-Header.h";
				SWIFT_VERSION = 4.0;
				TARGETED_DEVICE_FAMILY = "1,2";
			};
			name = Debug;
		};
		3FEC02D82161457700C66198 /* Release */ = {
			isa = XCBuildConfiguration;
			baseConfigurationReference = 779737015548C38AB93415B7 /* Pods-UserSignin.release.xcconfig */;
			buildSettings = {
				ASSETCATALOG_COMPILER_APPICON_NAME = AppIcon;
				CODE_SIGN_STYLE = Automatic;
				DEVELOPMENT_TEAM = DY2JP45FA3;
				INFOPLIST_FILE = UserSignin/Info.plist;
				IPHONEOS_DEPLOYMENT_TARGET = 11.1;
				LD_RUNPATH_SEARCH_PATHS = "$(inherited) @executable_path/Frameworks";
				PRODUCT_BUNDLE_IDENTIFIER = nwmissouri.edu.UserSignin;
				PRODUCT_NAME = "$(TARGET_NAME)";
				SWIFT_OBJC_BRIDGING_HEADER = "Pods/Backendless/SDK/ios/backendless/include/Backendless-Bridging-Header.h";
				SWIFT_VERSION = 4.0;
				TARGETED_DEVICE_FAMILY = "1,2";
			};
			name = Release;
		};
		3FEC02DA2161457700C66198 /* Debug */ = {
			isa = XCBuildConfiguration;
			baseConfigurationReference = 9FD42591BDF385B20AD0284D /* Pods-UserSigninTests.debug.xcconfig */;
			buildSettings = {
				ALWAYS_EMBED_SWIFT_STANDARD_LIBRARIES = YES;
				BUNDLE_LOADER = "$(TEST_HOST)";
				CODE_SIGN_STYLE = Automatic;
				INFOPLIST_FILE = UserSigninTests/Info.plist;
				LD_RUNPATH_SEARCH_PATHS = "$(inherited) @executable_path/Frameworks @loader_path/Frameworks";
				PRODUCT_BUNDLE_IDENTIFIER = nwmissouri.edu.UserSigninTests;
				PRODUCT_NAME = "$(TARGET_NAME)";
				SWIFT_VERSION = 4.0;
				TARGETED_DEVICE_FAMILY = "1,2";
				TEST_HOST = "$(BUILT_PRODUCTS_DIR)/UserSignin.app/UserSignin";
			};
			name = Debug;
		};
		3FEC02DB2161457700C66198 /* Release */ = {
			isa = XCBuildConfiguration;
			baseConfigurationReference = ACCC027A0C14BD00D8FA0C59 /* Pods-UserSigninTests.release.xcconfig */;
			buildSettings = {
				ALWAYS_EMBED_SWIFT_STANDARD_LIBRARIES = YES;
				BUNDLE_LOADER = "$(TEST_HOST)";
				CODE_SIGN_STYLE = Automatic;
				INFOPLIST_FILE = UserSigninTests/Info.plist;
				LD_RUNPATH_SEARCH_PATHS = "$(inherited) @executable_path/Frameworks @loader_path/Frameworks";
				PRODUCT_BUNDLE_IDENTIFIER = nwmissouri.edu.UserSigninTests;
				PRODUCT_NAME = "$(TARGET_NAME)";
				SWIFT_VERSION = 4.0;
				TARGETED_DEVICE_FAMILY = "1,2";
				TEST_HOST = "$(BUILT_PRODUCTS_DIR)/UserSignin.app/UserSignin";
			};
			name = Release;
		};
		3FEC02DD2161457700C66198 /* Debug */ = {
			isa = XCBuildConfiguration;
			baseConfigurationReference = 724EEE7B3554CC2C3C87A4A9 /* Pods-UserSigninUITests.debug.xcconfig */;
			buildSettings = {
				ALWAYS_EMBED_SWIFT_STANDARD_LIBRARIES = YES;
				CODE_SIGN_STYLE = Automatic;
				INFOPLIST_FILE = UserSigninUITests/Info.plist;
				LD_RUNPATH_SEARCH_PATHS = "$(inherited) @executable_path/Frameworks @loader_path/Frameworks";
				PRODUCT_BUNDLE_IDENTIFIER = nwmissouri.edu.UserSigninUITests;
				PRODUCT_NAME = "$(TARGET_NAME)";
				SWIFT_VERSION = 4.0;
				TARGETED_DEVICE_FAMILY = "1,2";
				TEST_TARGET_NAME = UserSignin;
			};
			name = Debug;
		};
		3FEC02DE2161457700C66198 /* Release */ = {
			isa = XCBuildConfiguration;
			baseConfigurationReference = 9E4ACFC643D72DE2B5812641 /* Pods-UserSigninUITests.release.xcconfig */;
			buildSettings = {
				ALWAYS_EMBED_SWIFT_STANDARD_LIBRARIES = YES;
				CODE_SIGN_STYLE = Automatic;
				INFOPLIST_FILE = UserSigninUITests/Info.plist;
				LD_RUNPATH_SEARCH_PATHS = "$(inherited) @executable_path/Frameworks @loader_path/Frameworks";
				PRODUCT_BUNDLE_IDENTIFIER = nwmissouri.edu.UserSigninUITests;
				PRODUCT_NAME = "$(TARGET_NAME)";
				SWIFT_VERSION = 4.0;
				TARGETED_DEVICE_FAMILY = "1,2";
				TEST_TARGET_NAME = UserSignin;
			};
			name = Release;
		};
/* End XCBuildConfiguration section */

/* Begin XCConfigurationList section */
		3FEC02A92161457700C66198 /* Build configuration list for PBXProject "UserSignin" */ = {
			isa = XCConfigurationList;
			buildConfigurations = (
				3FEC02D42161457700C66198 /* Debug */,
				3FEC02D52161457700C66198 /* Release */,
			);
			defaultConfigurationIsVisible = 0;
			defaultConfigurationName = Release;
		};
		3FEC02D62161457700C66198 /* Build configuration list for PBXNativeTarget "UserSignin" */ = {
			isa = XCConfigurationList;
			buildConfigurations = (
				3FEC02D72161457700C66198 /* Debug */,
				3FEC02D82161457700C66198 /* Release */,
			);
			defaultConfigurationIsVisible = 0;
			defaultConfigurationName = Release;
		};
		3FEC02D92161457700C66198 /* Build configuration list for PBXNativeTarget "UserSigninTests" */ = {
			isa = XCConfigurationList;
			buildConfigurations = (
				3FEC02DA2161457700C66198 /* Debug */,
				3FEC02DB2161457700C66198 /* Release */,
			);
			defaultConfigurationIsVisible = 0;
			defaultConfigurationName = Release;
		};
		3FEC02DC2161457700C66198 /* Build configuration list for PBXNativeTarget "UserSigninUITests" */ = {
			isa = XCConfigurationList;
			buildConfigurations = (
				3FEC02DD2161457700C66198 /* Debug */,
				3FEC02DE2161457700C66198 /* Release */,
			);
			defaultConfigurationIsVisible = 0;
			defaultConfigurationName = Release;
		};
/* End XCConfigurationList section */
	};
	rootObject = 3FEC02A62161457700C66198 /* Project object */;
}
